// !$*UTF8*$!
{
	archiveVersion = 1;
	classes = {
	};
	objectVersion = 46;
	objects = {

/* Begin PBXBuildFile section */
		CB6465321BF316AA00EC6851 /* AppDelegate.swift in Sources */ = {isa = PBXBuildFile; fileRef = CB6465311BF316AA00EC6851 /* AppDelegate.swift */; };
		CB6465341BF316AA00EC6851 /* ViewController.swift in Sources */ = {isa = PBXBuildFile; fileRef = CB6465331BF316AA00EC6851 /* ViewController.swift */; };
		CB6465371BF316AA00EC6851 /* Main.storyboard in Resources */ = {isa = PBXBuildFile; fileRef = CB6465351BF316AA00EC6851 /* Main.storyboard */; };
		CB6465391BF316AA00EC6851 /* Assets.xcassets in Resources */ = {isa = PBXBuildFile; fileRef = CB6465381BF316AA00EC6851 /* Assets.xcassets */; };
		CB64653C1BF316AA00EC6851 /* LaunchScreen.storyboard in Resources */ = {isa = PBXBuildFile; fileRef = CB64653A1BF316AA00EC6851 /* LaunchScreen.storyboard */; };
/* End PBXBuildFile section */

/* Begin PBXFileReference section */
		CB64652E1BF316AA00EC6851 /* SwiftFaceDetection.app */ = {isa = PBXFileReference; explicitFileType = wrapper.application; includeInIndex = 0; path = SwiftFaceDetection.app; sourceTree = BUILT_PRODUCTS_DIR; };
		CB6465311BF316AA00EC6851 /* AppDelegate.swift */ = {isa = PBXFileReference; lastKnownFileType = sourcecode.swift; path = AppDelegate.swift; sourceTree = "<group>"; };
		CB6465331BF316AA00EC6851 /* ViewController.swift */ = {isa = PBXFileReference; lastKnownFileType = sourcecode.swift; path = ViewController.swift; sourceTree = "<group>"; };
		CB6465361BF316AA00EC6851 /* Base */ = {isa = PBXFileReference; lastKnownFileType = file.storyboard; name = Base; path = Base.lproj/Main.storyboard; sourceTree = "<group>"; };
		CB6465381BF316AA00EC6851 /* Assets.xcassets */ = {isa = PBXFileReference; lastKnownFileType = folder.assetcatalog; path = Assets.xcassets; sourceTree = "<group>"; };
		CB64653B1BF316AA00EC6851 /* Base */ = {isa = PBXFileReference; lastKnownFileType = file.storyboard; name = Base; path = Base.lproj/LaunchScreen.storyboard; sourceTree = "<group>"; };
		CB64653D1BF316AA00EC6851 /* Info.plist */ = {isa = PBXFileReference; lastKnownFileType = text.plist.xml; path = Info.plist; sourceTree = "<group>"; };
/* End PBXFileReference section */

/* Begin PBXFrameworksBuildPhase section */
		CB64652B1BF316AA00EC6851 /* Frameworks */ = {
			isa = PBXFrameworksBuildPhase;
			buildActionMask = 2147483647;
			files = (
			);
			runOnlyForDeploymentPostprocessing = 0;
		};
/* End PBXFrameworksBuildPhase section */

/* Begin PBXGroup section */
		CB6465251BF316AA00EC6851 = {
			isa = PBXGroup;
			children = (
				CB6465301BF316AA00EC6851 /* SwiftFaceDetection */,
				CB64652F1BF316AA00EC6851 /* Products */,
			);
			sourceTree = "<group>";
		};
		CB64652F1BF316AA00EC6851 /* Products */ = {
			isa = PBXGroup;
			children = (
				CB64652E1BF316AA00EC6851 /* SwiftFaceDetection.app */,
			);
			name = Products;
			sourceTree = "<group>";
		};
		CB6465301BF316AA00EC6851 /* SwiftFaceDetection */ = {
			isa = PBXGroup;
			children = (
				CB6465311BF316AA00EC6851 /* AppDelegate.swift */,
				CB6465331BF316AA00EC6851 /* ViewController.swift */,
				CB6465351BF316AA00EC6851 /* Main.storyboard */,
				CB6465381BF316AA00EC6851 /* Assets.xcassets */,
				CB64653A1BF316AA00EC6851 /* LaunchScreen.storyboard */,
				CB64653D1BF316AA00EC6851 /* Info.plist */,
			);
			path = SwiftFaceDetection;
			sourceTree = "<group>";
		};
/* End PBXGroup section */

/* Begin PBXNativeTarget section */
		CB64652D1BF316AA00EC6851 /* SwiftFaceDetection */ = {
			isa = PBXNativeTarget;
			buildConfigurationList = CB6465401BF316AA00EC6851 /* Build configuration list for PBXNativeTarget "SwiftFaceDetection" */;
			buildPhases = (
				CB64652A1BF316AA00EC6851 /* Sources */,
				CB64652B1BF316AA00EC6851 /* Frameworks */,
				CB64652C1BF316AA00EC6851 /* Resources */,
			);
			buildRules = (
			);
			dependencies = (
			);
			name = SwiftFaceDetection;
			productName = SwiftFaceDetection;
			productReference = CB64652E1BF316AA00EC6851 /* SwiftFaceDetection.app */;
			productType = "com.apple.product-type.application";
		};
/* End PBXNativeTarget section */

/* Begin PBXProject section */
		CB6465261BF316AA00EC6851 /* Project object */ = {
			isa = PBXProject;
			attributes = {
				LastSwiftUpdateCheck = 0710;
				LastUpgradeCheck = 0710;
				ORGANIZATIONNAME = Yourtion;
				TargetAttributes = {
					CB64652D1BF316AA00EC6851 = {
						CreatedOnToolsVersion = 7.1;
					};
				};
			};
			buildConfigurationList = CB6465291BF316AA00EC6851 /* Build configuration list for PBXProject "SwiftFaceDetection" */;
			compatibilityVersion = "Xcode 3.2";
			developmentRegion = English;
			hasScannedForEncodings = 0;
			knownRegions = (
				en,
				Base,
			);
			mainGroup = CB6465251BF316AA00EC6851;
			productRefGroup = CB64652F1BF316AA00EC6851 /* Products */;
			projectDirPath = "";
			projectRoot = "";
			targets = (
				CB64652D1BF316AA00EC6851 /* SwiftFaceDetection */,
			);
		};
/* End PBXProject section */

/* Begin PBXResourcesBuildPhase section */
		CB64652C1BF316AA00EC6851 /* Resources */ = {
			isa = PBXResourcesBuildPhase;
			buildActionMask = 2147483647;
			files = (
				CB64653C1BF316AA00EC6851 /* LaunchScreen.storyboard in Resources */,
				CB6465391BF316AA00EC6851 /* Assets.xcassets in Resources */,
				CB6465371BF316AA00EC6851 /* Main.storyboard in Resources */,
			);
			runOnlyForDeploymentPostprocessing = 0;
		};
/* End PBXResourcesBuildPhase section */

/* Begin PBXSourcesBuildPhase section */
		CB64652A1BF316AA00EC6851 /* Sources */ = {
			isa = PBXSourcesBuildPhase;
			buildActionMask = 2147483647;
			files = (
				CB6465341BF316AA00EC6851 /* ViewController.swift in Sources */,
				CB6465321BF316AA00EC6851 /* AppDelegate.swift in Sources */,
			);
			runOnlyForDeploymentPostprocessing = 0;
		};
/* End PBXSourcesBuildPhase section */

/* Begin PBXVariantGroup section */
		CB6465351BF316AA00EC6851 /* Main.storyboard */ = {
			isa = PBXVariantGroup;
			children = (
				CB6465361BF316AA00EC6851 /* Base */,
			);
			name = Main.storyboard;
			sourceTree = "<group>";
		};
		CB64653A1BF316AA00EC6851 /* LaunchScreen.storyboard */ = {
			isa = PBXVariantGroup;
			children = (
				CB64653B1BF316AA00EC6851 /* Base */,
			);
			name = LaunchScreen.storyboard;
			sourceTree = "<group>";
		};
/* End PBXVariantGroup section */

/* Begin XCBuildConfiguration section */
		CB64653E1BF316AA00EC6851 /* Debug */ = {
			isa = XCBuildConfiguration;
			buildSettings = {
				ALWAYS_SEARCH_USER_PATHS = NO;
				CLANG_CXX_LANGUAGE_STANDARD = "gnu++0x";
				CLANG_CXX_LIBRARY = "libc++";
				CLANG_ENABLE_MODULES = YES;
				CLANG_ENABLE_OBJC_ARC = YES;
				CLANG_WARN_BOOL_CONVERSION = YES;
				CLANG_WARN_CONSTANT_CONVERSION = YES;
				CLANG_WARN_DIRECT_OBJC_ISA_USAGE = YES_ERROR;
				CLANG_WARN_EMPTY_BODY = YES;
				CLANG_WARN_ENUM_CONVERSION = YES;
				CLANG_WARN_INT_CONVERSION = YES;
				CLANG_WARN_OBJC_ROOT_CLASS = YES_ERROR;
				CLANG_WARN_UNREACHABLE_CODE = YES;
				CLANG_WARN__DUPLICATE_METHOD_MATCH = YES;
				"CODE_SIGN_IDENTITY[sdk=iphoneos*]" = "iPhone Developer";
				COPY_PHASE_STRIP = NO;
				DEBUG_INFORMATION_FORMAT = dwarf;
				ENABLE_STRICT_OBJC_MSGSEND = YES;
				ENABLE_TESTABILITY = YES;
				GCC_C_LANGUAGE_STANDARD = gnu99;
				GCC_DYNAMIC_NO_PIC = NO;
				GCC_NO_COMMON_BLOCKS = YES;
				GCC_OPTIMIZATION_LEVEL = 0;
				GCC_PREPROCESSOR_DEFINITIONS = (
					"DEBUG=1",
					"$(inherited)",
				);
				GCC_WARN_64_TO_32_BIT_CONVERSION = YES;
				GCC_WARN_ABOUT_RETURN_TYPE = YES_ERROR;
				GCC_WARN_UNDECLARED_SELECTOR = YES;
				GCC_WARN_UNINITIALIZED_AUTOS = YES_AGGRESSIVE;
				GCC_WARN_UNUSED_FUNCTION = YES;
				GCC_WARN_UNUSED_VARIABLE = YES;
				IPHONEOS_DEPLOYMENT_TARGET = 9.1;
				MTL_ENABLE_DEBUG_INFO = YES;
				ONLY_ACTIVE_ARCH = YES;
				SDKROOT = iphoneos;
				SWIFT_OPTIMIZATION_LEVEL = "-Onone";
			};
			name = Debug;
		};
		CB64653F1BF316AA00EC6851 /* Release */ = {
			isa = XCBuildConfiguration;
			buildSettings = {
				ALWAYS_SEARCH_USER_PATHS = NO;
				CLANG_CXX_LANGUAGE_STANDARD = "gnu++0x";
				CLANG_CXX_LIBRARY = "libc++";
				CLANG_ENABLE_MODULES = YES;
				CLANG_ENABLE_OBJC_ARC = YES;
				CLANG_WARN_BOOL_CONVERSION = YES;
				CLANG_WARN_CONSTANT_CONVERSION = YES;
				CLANG_WARN_DIRECT_OBJC_ISA_USAGE = YES_ERROR;
				CLANG_WARN_EMPTY_BODY = YES;
				CLANG_WARN_ENUM_CONVERSION = YES;
				CLANG_WARN_INT_CONVERSION = YES;
				CLANG_WARN_OBJC_ROOT_CLASS = YES_ERROR;
				CLANG_WARN_UNREACHABLE_CODE = YES;
				CLANG_WARN__DUPLICATE_METHOD_MATCH = YES;
				"CODE_SIGN_IDENTITY[sdk=iphoneos*]" = "iPhone Developer";
				COPY_PHASE_STRIP = NO;
				DEBUG_INFORMATION_FORMAT = "dwarf-with-dsym";
				ENABLE_NS_ASSERTIONS = NO;
				ENABLE_STRICT_OBJC_MSGSEND = YES;
				GCC_C_LANGUAGE_STANDARD = gnu99;
				GCC_NO_COMMON_BLOCKS = YES;
				GCC_WARN_64_TO_32_BIT_CONVERSION = YES;
				GCC_WARN_ABOUT_RETURN_TYPE = YES_ERROR;
				GCC_WARN_UNDECLARED_SELECTOR = YES;
				GCC_WARN_UNINITIALIZED_AUTOS = YES_AGGRESSIVE;
				GCC_WARN_UNUSED_FUNCTION = YES;
				GCC_WARN_UNUSED_VARIABLE = YES;
				IPHONEOS_DEPLOYMENT_TARGET = 9.1;
				MTL_ENABLE_DEBUG_INFO = NO;
				SDKROOT = iphoneos;
				VALIDATE_PRODUCT = YES;
			};
			name = Release;
		};
		CB6465411BF316AA00EC6851 /* Debug */ = {
			isa = XCBuildConfiguration;
			buildSettings = {
				ASSETCATALOG_COMPILER_APPICON_NAME = AppIcon;
				INFOPLIST_FILE = SwiftFaceDetection/Info.plist;
				LD_RUNPATH_SEARCH_PATHS = "$(inherited) @executable_path/Frameworks";
				PRODUCT_BUNDLE_IDENTIFIER = com.yourtion.SwiftFaceDetection;
				PRODUCT_NAME = "$(TARGET_NAME)";
			};
			name = Debug;
		};
		CB6465421BF316AA00EC6851 /* Release */ = {
			isa = XCBuildConfiguration;
			buildSettings = {
				ASSETCATALOG_COMPILER_APPICON_NAME = AppIcon;
				INFOPLIST_FILE = SwiftFaceDetection/Info.plist;
				LD_RUNPATH_SEARCH_PATHS = "$(inherited) @executable_path/Frameworks";
				PRODUCT_BUNDLE_IDENTIFIER = com.yourtion.SwiftFaceDetection;
				PRODUCT_NAME = "$(TARGET_NAME)";
			};
			name = Release;
		};
/* End XCBuildConfiguration section */

/* Begin XCConfigurationList section */
		CB6465291BF316AA00EC6851 /* Build configuration list for PBXProject "SwiftFaceDetection" */ = {
			isa = XCConfigurationList;
			buildConfigurations = (
				CB64653E1BF316AA00EC6851 /* Debug */,
				CB64653F1BF316AA00EC6851 /* Release */,
			);
			defaultConfigurationIsVisible = 0;
			defaultConfigurationName = Release;
		};
		CB6465401BF316AA00EC6851 /* Build configuration list for PBXNativeTarget "SwiftFaceDetection" */ = {
			isa = XCConfigurationList;
			buildConfigurations = (
				CB6465411BF316AA00EC6851 /* Debug */,
				CB6465421BF316AA00EC6851 /* Release */,
			);
			defaultConfigurationIsVisible = 0;
		};
/* End XCConfigurationList section */
	};
	rootObject = CB6465261BF316AA00EC6851 /* Project object */;
}
